// !$*UTF8*$!
{
	archiveVersion = 1;
	classes = {
	};
	objectVersion = 56;
	objects = {

/* Begin PBXBuildFile section */
		1F0D66F12B35E73C0067BCEB /* ToDoListApp.swift in Sources */ = {isa = PBXBuildFile; fileRef = 1F0D66F02B35E73C0067BCEB /* ToDoListApp.swift */; };
		1F0D66F32B35E73C0067BCEB /* MainView.swift in Sources */ = {isa = PBXBuildFile; fileRef = 1F0D66F22B35E73C0067BCEB /* MainView.swift */; };
		1F0D66F52B35E73E0067BCEB /* Assets.xcassets in Resources */ = {isa = PBXBuildFile; fileRef = 1F0D66F42B35E73E0067BCEB /* Assets.xcassets */; };
		1F0D66F82B35E73E0067BCEB /* Preview Assets.xcassets in Resources */ = {isa = PBXBuildFile; fileRef = 1F0D66F72B35E73E0067BCEB /* Preview Assets.xcassets */; };
		1F0D67022B35E73E0067BCEB /* ToDoListTests.swift in Sources */ = {isa = PBXBuildFile; fileRef = 1F0D67012B35E73E0067BCEB /* ToDoListTests.swift */; };
		1F0D670C2B35E73E0067BCEB /* ToDoListUITests.swift in Sources */ = {isa = PBXBuildFile; fileRef = 1F0D670B2B35E73E0067BCEB /* ToDoListUITests.swift */; };
		1F0D670E2B35E73E0067BCEB /* ToDoListUITestsLaunchTests.swift in Sources */ = {isa = PBXBuildFile; fileRef = 1F0D670D2B35E73E0067BCEB /* ToDoListUITestsLaunchTests.swift */; };
		1F0D671C2B35EA430067BCEB /* GoogleService-Info.plist in Resources */ = {isa = PBXBuildFile; fileRef = 1F0D671B2B35EA430067BCEB /* GoogleService-Info.plist */; };
		1F0D671E2B35EA8C0067BCEB /* FirebaseAnalytics in Frameworks */ = {isa = PBXBuildFile; productRef = 1F0D671D2B35EA8C0067BCEB /* FirebaseAnalytics */; };
		1F0D67202B35EA8C0067BCEB /* FirebaseAnalyticsOnDeviceConversion in Frameworks */ = {isa = PBXBuildFile; productRef = 1F0D671F2B35EA8C0067BCEB /* FirebaseAnalyticsOnDeviceConversion */; };
		1F0D67222B35EA8C0067BCEB /* FirebaseAnalyticsSwift in Frameworks */ = {isa = PBXBuildFile; productRef = 1F0D67212B35EA8C0067BCEB /* FirebaseAnalyticsSwift */; };
		1F5A465D2B371E7800DA79BB /* HeaderView.swift in Sources */ = {isa = PBXBuildFile; fileRef = 1F5A465C2B371E7800DA79BB /* HeaderView.swift */; };
		1F9B92EB2B36B75D0064A8DB /* ProfileView.swift in Sources */ = {isa = PBXBuildFile; fileRef = 1F9B92EA2B36B75D0064A8DB /* ProfileView.swift */; };
		1F9B92ED2B36B7860064A8DB /* ToDoListItemView.swift in Sources */ = {isa = PBXBuildFile; fileRef = 1F9B92EC2B36B7860064A8DB /* ToDoListItemView.swift */; };
		1F9B92EF2B36B7AC0064A8DB /* NewItemView.swift in Sources */ = {isa = PBXBuildFile; fileRef = 1F9B92EE2B36B7AC0064A8DB /* NewItemView.swift */; };
		1F9B92F12B36B7C60064A8DB /* LoginView.swift in Sources */ = {isa = PBXBuildFile; fileRef = 1F9B92F02B36B7C60064A8DB /* LoginView.swift */; };
		1F9B92F32B36B7D30064A8DB /* RegisterView.swift in Sources */ = {isa = PBXBuildFile; fileRef = 1F9B92F22B36B7D30064A8DB /* RegisterView.swift */; };
		1F9B92F52B36B8220064A8DB /* ToDoListView.swift in Sources */ = {isa = PBXBuildFile; fileRef = 1F9B92F42B36B8220064A8DB /* ToDoListView.swift */; };
		1F9B92F72B36B87E0064A8DB /* UserModel.swift in Sources */ = {isa = PBXBuildFile; fileRef = 1F9B92F62B36B87E0064A8DB /* UserModel.swift */; };
		1F9B92F92B36B8920064A8DB /* ToDoListItemModel.swift in Sources */ = {isa = PBXBuildFile; fileRef = 1F9B92F82B36B8920064A8DB /* ToDoListItemModel.swift */; };
		1F9B92FB2B36B8DD0064A8DB /* MainViewViewModel.swift in Sources */ = {isa = PBXBuildFile; fileRef = 1F9B92FA2B36B8DD0064A8DB /* MainViewViewModel.swift */; };
		1F9B92FD2B36B8EF0064A8DB /* ProfileViewViewModel.swift in Sources */ = {isa = PBXBuildFile; fileRef = 1F9B92FC2B36B8EF0064A8DB /* ProfileViewViewModel.swift */; };
		1F9B92FF2B36B91B0064A8DB /* ToDoListItemViewViewModel.swift in Sources */ = {isa = PBXBuildFile; fileRef = 1F9B92FE2B36B91B0064A8DB /* ToDoListItemViewViewModel.swift */; };
		1F9B93012B36B9280064A8DB /* NewItemViewViewModel.swift in Sources */ = {isa = PBXBuildFile; fileRef = 1F9B93002B36B9280064A8DB /* NewItemViewViewModel.swift */; };
		1F9B93032B36B93E0064A8DB /* LoginViewViewModel.swift in Sources */ = {isa = PBXBuildFile; fileRef = 1F9B93022B36B93E0064A8DB /* LoginViewViewModel.swift */; };
		1F9B93052B36B9510064A8DB /* RegisterViewViewModel.swift in Sources */ = {isa = PBXBuildFile; fileRef = 1F9B93042B36B9510064A8DB /* RegisterViewViewModel.swift */; };
		1F9B93072B36B9600064A8DB /* ToDoListViewViewModel.swift in Sources */ = {isa = PBXBuildFile; fileRef = 1F9B93062B36B9600064A8DB /* ToDoListViewViewModel.swift */; };
/* End PBXBuildFile section */

/* Begin PBXContainerItemProxy section */
		1F0D66FE2B35E73E0067BCEB /* PBXContainerItemProxy */ = {
			isa = PBXContainerItemProxy;
			containerPortal = 1F0D66E52B35E73C0067BCEB /* Project object */;
			proxyType = 1;
			remoteGlobalIDString = 1F0D66EC2B35E73C0067BCEB;
			remoteInfo = ToDoList;
		};
		1F0D67082B35E73E0067BCEB /* PBXContainerItemProxy */ = {
			isa = PBXContainerItemProxy;
			containerPortal = 1F0D66E52B35E73C0067BCEB /* Project object */;
			proxyType = 1;
			remoteGlobalIDString = 1F0D66EC2B35E73C0067BCEB;
			remoteInfo = ToDoList;
		};
/* End PBXContainerItemProxy section */

/* Begin PBXFileReference section */
		1F0D66ED2B35E73C0067BCEB /* ToDoList.app */ = {isa = PBXFileReference; explicitFileType = wrapper.application; includeInIndex = 0; path = ToDoList.app; sourceTree = BUILT_PRODUCTS_DIR; };
		1F0D66F02B35E73C0067BCEB /* ToDoListApp.swift */ = {isa = PBXFileReference; lastKnownFileType = sourcecode.swift; path = ToDoListApp.swift; sourceTree = "<group>"; };
		1F0D66F22B35E73C0067BCEB /* MainView.swift */ = {isa = PBXFileReference; lastKnownFileType = sourcecode.swift; path = MainView.swift; sourceTree = "<group>"; };
		1F0D66F42B35E73E0067BCEB /* Assets.xcassets */ = {isa = PBXFileReference; lastKnownFileType = folder.assetcatalog; path = Assets.xcassets; sourceTree = "<group>"; };
		1F0D66F72B35E73E0067BCEB /* Preview Assets.xcassets */ = {isa = PBXFileReference; lastKnownFileType = folder.assetcatalog; path = "Preview Assets.xcassets"; sourceTree = "<group>"; };
		1F0D66FD2B35E73E0067BCEB /* ToDoListTests.xctest */ = {isa = PBXFileReference; explicitFileType = wrapper.cfbundle; includeInIndex = 0; path = ToDoListTests.xctest; sourceTree = BUILT_PRODUCTS_DIR; };
		1F0D67012B35E73E0067BCEB /* ToDoListTests.swift */ = {isa = PBXFileReference; lastKnownFileType = sourcecode.swift; path = ToDoListTests.swift; sourceTree = "<group>"; };
		1F0D67072B35E73E0067BCEB /* ToDoListUITests.xctest */ = {isa = PBXFileReference; explicitFileType = wrapper.cfbundle; includeInIndex = 0; path = ToDoListUITests.xctest; sourceTree = BUILT_PRODUCTS_DIR; };
		1F0D670B2B35E73E0067BCEB /* ToDoListUITests.swift */ = {isa = PBXFileReference; lastKnownFileType = sourcecode.swift; path = ToDoListUITests.swift; sourceTree = "<group>"; };
		1F0D670D2B35E73E0067BCEB /* ToDoListUITestsLaunchTests.swift */ = {isa = PBXFileReference; lastKnownFileType = sourcecode.swift; path = ToDoListUITestsLaunchTests.swift; sourceTree = "<group>"; };
		1F0D671B2B35EA430067BCEB /* GoogleService-Info.plist */ = {isa = PBXFileReference; fileEncoding = 4; lastKnownFileType = text.plist.xml; path = "GoogleService-Info.plist"; sourceTree = "<group>"; };
		1F5A465C2B371E7800DA79BB /* HeaderView.swift */ = {isa = PBXFileReference; lastKnownFileType = sourcecode.swift; path = HeaderView.swift; sourceTree = "<group>"; };
		1F9B92EA2B36B75D0064A8DB /* ProfileView.swift */ = {isa = PBXFileReference; lastKnownFileType = sourcecode.swift; path = ProfileView.swift; sourceTree = "<group>"; };
		1F9B92EC2B36B7860064A8DB /* ToDoListItemView.swift */ = {isa = PBXFileReference; lastKnownFileType = sourcecode.swift; path = ToDoListItemView.swift; sourceTree = "<group>"; };
		1F9B92EE2B36B7AC0064A8DB /* NewItemView.swift */ = {isa = PBXFileReference; lastKnownFileType = sourcecode.swift; path = NewItemView.swift; sourceTree = "<group>"; };
		1F9B92F02B36B7C60064A8DB /* LoginView.swift */ = {isa = PBXFileReference; lastKnownFileType = sourcecode.swift; path = LoginView.swift; sourceTree = "<group>"; };
		1F9B92F22B36B7D30064A8DB /* RegisterView.swift */ = {isa = PBXFileReference; lastKnownFileType = sourcecode.swift; path = RegisterView.swift; sourceTree = "<group>"; };
		1F9B92F42B36B8220064A8DB /* ToDoListView.swift */ = {isa = PBXFileReference; lastKnownFileType = sourcecode.swift; path = ToDoListView.swift; sourceTree = "<group>"; };
		1F9B92F62B36B87E0064A8DB /* UserModel.swift */ = {isa = PBXFileReference; lastKnownFileType = sourcecode.swift; path = UserModel.swift; sourceTree = "<group>"; };
		1F9B92F82B36B8920064A8DB /* ToDoListItemModel.swift */ = {isa = PBXFileReference; lastKnownFileType = sourcecode.swift; path = ToDoListItemModel.swift; sourceTree = "<group>"; };
		1F9B92FA2B36B8DD0064A8DB /* MainViewViewModel.swift */ = {isa = PBXFileReference; lastKnownFileType = sourcecode.swift; path = MainViewViewModel.swift; sourceTree = "<group>"; };
		1F9B92FC2B36B8EF0064A8DB /* ProfileViewViewModel.swift */ = {isa = PBXFileReference; lastKnownFileType = sourcecode.swift; path = ProfileViewViewModel.swift; sourceTree = "<group>"; };
		1F9B92FE2B36B91B0064A8DB /* ToDoListItemViewViewModel.swift */ = {isa = PBXFileReference; lastKnownFileType = sourcecode.swift; path = ToDoListItemViewViewModel.swift; sourceTree = "<group>"; };
		1F9B93002B36B9280064A8DB /* NewItemViewViewModel.swift */ = {isa = PBXFileReference; lastKnownFileType = sourcecode.swift; path = NewItemViewViewModel.swift; sourceTree = "<group>"; };
		1F9B93022B36B93E0064A8DB /* LoginViewViewModel.swift */ = {isa = PBXFileReference; lastKnownFileType = sourcecode.swift; path = LoginViewViewModel.swift; sourceTree = "<group>"; };
		1F9B93042B36B9510064A8DB /* RegisterViewViewModel.swift */ = {isa = PBXFileReference; lastKnownFileType = sourcecode.swift; path = RegisterViewViewModel.swift; sourceTree = "<group>"; };
		1F9B93062B36B9600064A8DB /* ToDoListViewViewModel.swift */ = {isa = PBXFileReference; lastKnownFileType = sourcecode.swift; path = ToDoListViewViewModel.swift; sourceTree = "<group>"; };
/* End PBXFileReference section */

/* Begin PBXFrameworksBuildPhase section */
		1F0D66EA2B35E73C0067BCEB /* Frameworks */ = {
			isa = PBXFrameworksBuildPhase;
			buildActionMask = 2147483647;
			files = (
				1F0D67222B35EA8C0067BCEB /* FirebaseAnalyticsSwift in Frameworks */,
				1F0D671E2B35EA8C0067BCEB /* FirebaseAnalytics in Frameworks */,
				1F0D67202B35EA8C0067BCEB /* FirebaseAnalyticsOnDeviceConversion in Frameworks */,
			);
			runOnlyForDeploymentPostprocessing = 0;
		};
		1F0D66FA2B35E73E0067BCEB /* Frameworks */ = {
			isa = PBXFrameworksBuildPhase;
			buildActionMask = 2147483647;
			files = (
			);
			runOnlyForDeploymentPostprocessing = 0;
		};
		1F0D67042B35E73E0067BCEB /* Frameworks */ = {
			isa = PBXFrameworksBuildPhase;
			buildActionMask = 2147483647;
			files = (
			);
			runOnlyForDeploymentPostprocessing = 0;
		};
/* End PBXFrameworksBuildPhase section */

/* Begin PBXGroup section */
		1F0D66E42B35E73C0067BCEB = {
			isa = PBXGroup;
			children = (
				1F0D66EF2B35E73C0067BCEB /* ToDoList */,
				1F0D67002B35E73E0067BCEB /* ToDoListTests */,
				1F0D670A2B35E73E0067BCEB /* ToDoListUITests */,
				1F0D66EE2B35E73C0067BCEB /* Products */,
			);
			sourceTree = "<group>";
		};
		1F0D66EE2B35E73C0067BCEB /* Products */ = {
			isa = PBXGroup;
			children = (
				1F0D66ED2B35E73C0067BCEB /* ToDoList.app */,
				1F0D66FD2B35E73E0067BCEB /* ToDoListTests.xctest */,
				1F0D67072B35E73E0067BCEB /* ToDoListUITests.xctest */,
			);
			name = Products;
			sourceTree = "<group>";
		};
		1F0D66EF2B35E73C0067BCEB /* ToDoList */ = {
			isa = PBXGroup;
			children = (
				1F9B92E92B36B58E0064A8DB /* Other */,
				1F0D67252B35EC3A0067BCEB /* Models */,
				1F0D67242B35EC0E0067BCEB /* ViewModels */,
				1F0D67232B35EBDF0067BCEB /* Views */,
				1F0D66F62B35E73E0067BCEB /* Preview Content */,
			);
			path = ToDoList;
			sourceTree = "<group>";
		};
		1F0D66F62B35E73E0067BCEB /* Preview Content */ = {
			isa = PBXGroup;
			children = (
				1F0D66F72B35E73E0067BCEB /* Preview Assets.xcassets */,
			);
			path = "Preview Content";
			sourceTree = "<group>";
		};
		1F0D67002B35E73E0067BCEB /* ToDoListTests */ = {
			isa = PBXGroup;
			children = (
				1F0D67012B35E73E0067BCEB /* ToDoListTests.swift */,
			);
			path = ToDoListTests;
			sourceTree = "<group>";
		};
		1F0D670A2B35E73E0067BCEB /* ToDoListUITests */ = {
			isa = PBXGroup;
			children = (
				1F0D670B2B35E73E0067BCEB /* ToDoListUITests.swift */,
				1F0D670D2B35E73E0067BCEB /* ToDoListUITestsLaunchTests.swift */,
			);
			path = ToDoListUITests;
			sourceTree = "<group>";
		};
		1F0D67232B35EBDF0067BCEB /* Views */ = {
			isa = PBXGroup;
			children = (
				1F0D66F22B35E73C0067BCEB /* MainView.swift */,
				1F9B92EA2B36B75D0064A8DB /* ProfileView.swift */,
				1F9B92EC2B36B7860064A8DB /* ToDoListItemView.swift */,
				1F9B92EE2B36B7AC0064A8DB /* NewItemView.swift */,
				1F9B92F02B36B7C60064A8DB /* LoginView.swift */,
				1F9B92F22B36B7D30064A8DB /* RegisterView.swift */,
				1F9B92F42B36B8220064A8DB /* ToDoListView.swift */,
				1F5A465C2B371E7800DA79BB /* HeaderView.swift */,
			);
			path = Views;
			sourceTree = "<group>";
		};
		1F0D67242B35EC0E0067BCEB /* ViewModels */ = {
			isa = PBXGroup;
			children = (
				1F9B92FA2B36B8DD0064A8DB /* MainViewViewModel.swift */,
				1F9B92FC2B36B8EF0064A8DB /* ProfileViewViewModel.swift */,
				1F9B92FE2B36B91B0064A8DB /* ToDoListItemViewViewModel.swift */,
				1F9B93002B36B9280064A8DB /* NewItemViewViewModel.swift */,
				1F9B93022B36B93E0064A8DB /* LoginViewViewModel.swift */,
				1F9B93042B36B9510064A8DB /* RegisterViewViewModel.swift */,
				1F9B93062B36B9600064A8DB /* ToDoListViewViewModel.swift */,
			);
			path = ViewModels;
			sourceTree = "<group>";
		};
		1F0D67252B35EC3A0067BCEB /* Models */ = {
			isa = PBXGroup;
			children = (
				1F9B92F62B36B87E0064A8DB /* UserModel.swift */,
				1F9B92F82B36B8920064A8DB /* ToDoListItemModel.swift */,
			);
			path = Models;
			sourceTree = "<group>";
		};
		1F9B92E92B36B58E0064A8DB /* Other */ = {
			isa = PBXGroup;
			children = (
				1F0D66F42B35E73E0067BCEB /* Assets.xcassets */,
				1F0D66F02B35E73C0067BCEB /* ToDoListApp.swift */,
				1F0D671B2B35EA430067BCEB /* GoogleService-Info.plist */,
			);
			path = Other;
			sourceTree = "<group>";
		};
/* End PBXGroup section */

/* Begin PBXNativeTarget section */
		1F0D66EC2B35E73C0067BCEB /* ToDoList */ = {
			isa = PBXNativeTarget;
			buildConfigurationList = 1F0D67112B35E73E0067BCEB /* Build configuration list for PBXNativeTarget "ToDoList" */;
			buildPhases = (
				1F0D66E92B35E73C0067BCEB /* Sources */,
				1F0D66EA2B35E73C0067BCEB /* Frameworks */,
				1F0D66EB2B35E73C0067BCEB /* Resources */,
			);
			buildRules = (
			);
			dependencies = (
			);
			name = ToDoList;
			packageProductDependencies = (
				1F0D671D2B35EA8C0067BCEB /* FirebaseAnalytics */,
				1F0D671F2B35EA8C0067BCEB /* FirebaseAnalyticsOnDeviceConversion */,
				1F0D67212B35EA8C0067BCEB /* FirebaseAnalyticsSwift */,
			);
			productName = ToDoList;
			productReference = 1F0D66ED2B35E73C0067BCEB /* ToDoList.app */;
			productType = "com.apple.product-type.application";
		};
		1F0D66FC2B35E73E0067BCEB /* ToDoListTests */ = {
			isa = PBXNativeTarget;
			buildConfigurationList = 1F0D67142B35E73E0067BCEB /* Build configuration list for PBXNativeTarget "ToDoListTests" */;
			buildPhases = (
				1F0D66F92B35E73E0067BCEB /* Sources */,
				1F0D66FA2B35E73E0067BCEB /* Frameworks */,
				1F0D66FB2B35E73E0067BCEB /* Resources */,
			);
			buildRules = (
			);
			dependencies = (
				1F0D66FF2B35E73E0067BCEB /* PBXTargetDependency */,
			);
			name = ToDoListTests;
			productName = ToDoListTests;
			productReference = 1F0D66FD2B35E73E0067BCEB /* ToDoListTests.xctest */;
			productType = "com.apple.product-type.bundle.unit-test";
		};
		1F0D67062B35E73E0067BCEB /* ToDoListUITests */ = {
			isa = PBXNativeTarget;
			buildConfigurationList = 1F0D67172B35E73E0067BCEB /* Build configuration list for PBXNativeTarget "ToDoListUITests" */;
			buildPhases = (
				1F0D67032B35E73E0067BCEB /* Sources */,
				1F0D67042B35E73E0067BCEB /* Frameworks */,
				1F0D67052B35E73E0067BCEB /* Resources */,
			);
			buildRules = (
			);
			dependencies = (
				1F0D67092B35E73E0067BCEB /* PBXTargetDependency */,
			);
			name = ToDoListUITests;
			productName = ToDoListUITests;
			productReference = 1F0D67072B35E73E0067BCEB /* ToDoListUITests.xctest */;
			productType = "com.apple.product-type.bundle.ui-testing";
		};
/* End PBXNativeTarget section */

/* Begin PBXProject section */
		1F0D66E52B35E73C0067BCEB /* Project object */ = {
			isa = PBXProject;
			attributes = {
				BuildIndependentTargetsInParallel = 1;
				LastSwiftUpdateCheck = 1500;
				LastUpgradeCheck = 1500;
				TargetAttributes = {
					1F0D66EC2B35E73C0067BCEB = {
						CreatedOnToolsVersion = 15.0.1;
					};
					1F0D66FC2B35E73E0067BCEB = {
						CreatedOnToolsVersion = 15.0.1;
						TestTargetID = 1F0D66EC2B35E73C0067BCEB;
					};
					1F0D67062B35E73E0067BCEB = {
						CreatedOnToolsVersion = 15.0.1;
						TestTargetID = 1F0D66EC2B35E73C0067BCEB;
					};
				};
			};
			buildConfigurationList = 1F0D66E82B35E73C0067BCEB /* Build configuration list for PBXProject "ToDoList" */;
			compatibilityVersion = "Xcode 14.0";
			developmentRegion = en;
			hasScannedForEncodings = 0;
			knownRegions = (
				en,
				Base,
			);
			mainGroup = 1F0D66E42B35E73C0067BCEB;
			packageReferences = (
				1F0D671A2B35E9FF0067BCEB /* XCRemoteSwiftPackageReference "firebase-ios-sdk" */,
			);
			productRefGroup = 1F0D66EE2B35E73C0067BCEB /* Products */;
			projectDirPath = "";
			projectRoot = "";
			targets = (
				1F0D66EC2B35E73C0067BCEB /* ToDoList */,
				1F0D66FC2B35E73E0067BCEB /* ToDoListTests */,
				1F0D67062B35E73E0067BCEB /* ToDoListUITests */,
			);
		};
/* End PBXProject section */

/* Begin PBXResourcesBuildPhase section */
		1F0D66EB2B35E73C0067BCEB /* Resources */ = {
			isa = PBXResourcesBuildPhase;
			buildActionMask = 2147483647;
			files = (
				1F0D66F82B35E73E0067BCEB /* Preview Assets.xcassets in Resources */,
				1F0D66F52B35E73E0067BCEB /* Assets.xcassets in Resources */,
				1F0D671C2B35EA430067BCEB /* GoogleService-Info.plist in Resources */,
			);
			runOnlyForDeploymentPostprocessing = 0;
		};
		1F0D66FB2B35E73E0067BCEB /* Resources */ = {
			isa = PBXResourcesBuildPhase;
			buildActionMask = 2147483647;
			files = (
			);
			runOnlyForDeploymentPostprocessing = 0;
		};
		1F0D67052B35E73E0067BCEB /* Resources */ = {
			isa = PBXResourcesBuildPhase;
			buildActionMask = 2147483647;
			files = (
			);
			runOnlyForDeploymentPostprocessing = 0;
		};
/* End PBXResourcesBuildPhase section */

/* Begin PBXSourcesBuildPhase section */
		1F0D66E92B35E73C0067BCEB /* Sources */ = {
			isa = PBXSourcesBuildPhase;
			buildActionMask = 2147483647;
			files = (
				1F9B92F92B36B8920064A8DB /* ToDoListItemModel.swift in Sources */,
				1F5A465D2B371E7800DA79BB /* HeaderView.swift in Sources */,
				1F9B92F12B36B7C60064A8DB /* LoginView.swift in Sources */,
				1F9B93052B36B9510064A8DB /* RegisterViewViewModel.swift in Sources */,
				1F9B92FB2B36B8DD0064A8DB /* MainViewViewModel.swift in Sources */,
				1F0D66F32B35E73C0067BCEB /* MainView.swift in Sources */,
				1F9B92F52B36B8220064A8DB /* ToDoListView.swift in Sources */,
				1F9B92FD2B36B8EF0064A8DB /* ProfileViewViewModel.swift in Sources */,
				1F9B92ED2B36B7860064A8DB /* ToDoListItemView.swift in Sources */,
				1F9B92F32B36B7D30064A8DB /* RegisterView.swift in Sources */,
				1F9B92EB2B36B75D0064A8DB /* ProfileView.swift in Sources */,
				1F9B92FF2B36B91B0064A8DB /* ToDoListItemViewViewModel.swift in Sources */,
				1F9B93032B36B93E0064A8DB /* LoginViewViewModel.swift in Sources */,
				1F9B93072B36B9600064A8DB /* ToDoListViewViewModel.swift in Sources */,
				1F0D66F12B35E73C0067BCEB /* ToDoListApp.swift in Sources */,
				1F9B92F72B36B87E0064A8DB /* UserModel.swift in Sources */,
				1F9B92EF2B36B7AC0064A8DB /* NewItemView.swift in Sources */,
				1F9B93012B36B9280064A8DB /* NewItemViewViewModel.swift in Sources */,
			);
			runOnlyForDeploymentPostprocessing = 0;
		};
		1F0D66F92B35E73E0067BCEB /* Sources */ = {
			isa = PBXSourcesBuildPhase;
			buildActionMask = 2147483647;
			files = (
				1F0D67022B35E73E0067BCEB /* ToDoListTests.swift in Sources */,
			);
			runOnlyForDeploymentPostprocessing = 0;
		};
		1F0D67032B35E73E0067BCEB /* Sources */ = {
			isa = PBXSourcesBuildPhase;
			buildActionMask = 2147483647;
			files = (
				1F0D670E2B35E73E0067BCEB /* ToDoListUITestsLaunchTests.swift in Sources */,
				1F0D670C2B35E73E0067BCEB /* ToDoListUITests.swift in Sources */,
			);
			runOnlyForDeploymentPostprocessing = 0;
		};
/* End PBXSourcesBuildPhase section */

/* Begin PBXTargetDependency section */
		1F0D66FF2B35E73E0067BCEB /* PBXTargetDependency */ = {
			isa = PBXTargetDependency;
			target = 1F0D66EC2B35E73C0067BCEB /* ToDoList */;
			targetProxy = 1F0D66FE2B35E73E0067BCEB /* PBXContainerItemProxy */;
		};
		1F0D67092B35E73E0067BCEB /* PBXTargetDependency */ = {
			isa = PBXTargetDependency;
			target = 1F0D66EC2B35E73C0067BCEB /* ToDoList */;
			targetProxy = 1F0D67082B35E73E0067BCEB /* PBXContainerItemProxy */;
		};
/* End PBXTargetDependency section */

/* Begin XCBuildConfiguration section */
		1F0D670F2B35E73E0067BCEB /* Debug */ = {
			isa = XCBuildConfiguration;
			buildSettings = {
				ALWAYS_SEARCH_USER_PATHS = NO;
				ASSETCATALOG_COMPILER_GENERATE_SWIFT_ASSET_SYMBOL_EXTENSIONS = YES;
				CLANG_ANALYZER_NONNULL = YES;
				CLANG_ANALYZER_NUMBER_OBJECT_CONVERSION = YES_AGGRESSIVE;
				CLANG_CXX_LANGUAGE_STANDARD = "gnu++20";
				CLANG_ENABLE_MODULES = YES;
				CLANG_ENABLE_OBJC_ARC = YES;
				CLANG_ENABLE_OBJC_WEAK = YES;
				CLANG_WARN_BLOCK_CAPTURE_AUTORELEASING = YES;
				CLANG_WARN_BOOL_CONVERSION = YES;
				CLANG_WARN_COMMA = YES;
				CLANG_WARN_CONSTANT_CONVERSION = YES;
				CLANG_WARN_DEPRECATED_OBJC_IMPLEMENTATIONS = YES;
				CLANG_WARN_DIRECT_OBJC_ISA_USAGE = YES_ERROR;
				CLANG_WARN_DOCUMENTATION_COMMENTS = YES;
				CLANG_WARN_EMPTY_BODY = YES;
				CLANG_WARN_ENUM_CONVERSION = YES;
				CLANG_WARN_INFINITE_RECURSION = YES;
				CLANG_WARN_INT_CONVERSION = YES;
				CLANG_WARN_NON_LITERAL_NULL_CONVERSION = YES;
				CLANG_WARN_OBJC_IMPLICIT_RETAIN_SELF = YES;
				CLANG_WARN_OBJC_LITERAL_CONVERSION = YES;
				CLANG_WARN_OBJC_ROOT_CLASS = YES_ERROR;
				CLANG_WARN_QUOTED_INCLUDE_IN_FRAMEWORK_HEADER = YES;
				CLANG_WARN_RANGE_LOOP_ANALYSIS = YES;
				CLANG_WARN_STRICT_PROTOTYPES = YES;
				CLANG_WARN_SUSPICIOUS_MOVE = YES;
				CLANG_WARN_UNGUARDED_AVAILABILITY = YES_AGGRESSIVE;
				CLANG_WARN_UNREACHABLE_CODE = YES;
				CLANG_WARN__DUPLICATE_METHOD_MATCH = YES;
				COPY_PHASE_STRIP = NO;
				DEBUG_INFORMATION_FORMAT = dwarf;
				ENABLE_STRICT_OBJC_MSGSEND = YES;
				ENABLE_TESTABILITY = YES;
				ENABLE_USER_SCRIPT_SANDBOXING = YES;
				GCC_C_LANGUAGE_STANDARD = gnu17;
				GCC_DYNAMIC_NO_PIC = NO;
				GCC_NO_COMMON_BLOCKS = YES;
				GCC_OPTIMIZATION_LEVEL = 0;
				GCC_PREPROCESSOR_DEFINITIONS = (
					"DEBUG=1",
					"$(inherited)",
				);
				GCC_WARN_64_TO_32_BIT_CONVERSION = YES;
				GCC_WARN_ABOUT_RETURN_TYPE = YES_ERROR;
				GCC_WARN_UNDECLARED_SELECTOR = YES;
				GCC_WARN_UNINITIALIZED_AUTOS = YES_AGGRESSIVE;
				GCC_WARN_UNUSED_FUNCTION = YES;
				GCC_WARN_UNUSED_VARIABLE = YES;
				IPHONEOS_DEPLOYMENT_TARGET = 17.0;
				LOCALIZATION_PREFERS_STRING_CATALOGS = YES;
				MTL_ENABLE_DEBUG_INFO = INCLUDE_SOURCE;
				MTL_FAST_MATH = YES;
				ONLY_ACTIVE_ARCH = YES;
				SDKROOT = iphoneos;
				SWIFT_ACTIVE_COMPILATION_CONDITIONS = "DEBUG $(inherited)";
				SWIFT_OPTIMIZATION_LEVEL = "-Onone";
			};
			name = Debug;
		};
		1F0D67102B35E73E0067BCEB /* Release */ = {
			isa = XCBuildConfiguration;
			buildSettings = {
				ALWAYS_SEARCH_USER_PATHS = NO;
				ASSETCATALOG_COMPILER_GENERATE_SWIFT_ASSET_SYMBOL_EXTENSIONS = YES;
				CLANG_ANALYZER_NONNULL = YES;
				CLANG_ANALYZER_NUMBER_OBJECT_CONVERSION = YES_AGGRESSIVE;
				CLANG_CXX_LANGUAGE_STANDARD = "gnu++20";
				CLANG_ENABLE_MODULES = YES;
				CLANG_ENABLE_OBJC_ARC = YES;
				CLANG_ENABLE_OBJC_WEAK = YES;
				CLANG_WARN_BLOCK_CAPTURE_AUTORELEASING = YES;
				CLANG_WARN_BOOL_CONVERSION = YES;
				CLANG_WARN_COMMA = YES;
				CLANG_WARN_CONSTANT_CONVERSION = YES;
				CLANG_WARN_DEPRECATED_OBJC_IMPLEMENTATIONS = YES;
				CLANG_WARN_DIRECT_OBJC_ISA_USAGE = YES_ERROR;
				CLANG_WARN_DOCUMENTATION_COMMENTS = YES;
				CLANG_WARN_EMPTY_BODY = YES;
				CLANG_WARN_ENUM_CONVERSION = YES;
				CLANG_WARN_INFINITE_RECURSION = YES;
				CLANG_WARN_INT_CONVERSION = YES;
				CLANG_WARN_NON_LITERAL_NULL_CONVERSION = YES;
				CLANG_WARN_OBJC_IMPLICIT_RETAIN_SELF = YES;
				CLANG_WARN_OBJC_LITERAL_CONVERSION = YES;
				CLANG_WARN_OBJC_ROOT_CLASS = YES_ERROR;
				CLANG_WARN_QUOTED_INCLUDE_IN_FRAMEWORK_HEADER = YES;
				CLANG_WARN_RANGE_LOOP_ANALYSIS = YES;
				CLANG_WARN_STRICT_PROTOTYPES = YES;
				CLANG_WARN_SUSPICIOUS_MOVE = YES;
				CLANG_WARN_UNGUARDED_AVAILABILITY = YES_AGGRESSIVE;
				CLANG_WARN_UNREACHABLE_CODE = YES;
				CLANG_WARN__DUPLICATE_METHOD_MATCH = YES;
				COPY_PHASE_STRIP = NO;
				DEBUG_INFORMATION_FORMAT = "dwarf-with-dsym";
				ENABLE_NS_ASSERTIONS = NO;
				ENABLE_STRICT_OBJC_MSGSEND = YES;
				ENABLE_USER_SCRIPT_SANDBOXING = YES;
				GCC_C_LANGUAGE_STANDARD = gnu17;
				GCC_NO_COMMON_BLOCKS = YES;
				GCC_WARN_64_TO_32_BIT_CONVERSION = YES;
				GCC_WARN_ABOUT_RETURN_TYPE = YES_ERROR;
				GCC_WARN_UNDECLARED_SELECTOR = YES;
				GCC_WARN_UNINITIALIZED_AUTOS = YES_AGGRESSIVE;
				GCC_WARN_UNUSED_FUNCTION = YES;
				GCC_WARN_UNUSED_VARIABLE = YES;
				IPHONEOS_DEPLOYMENT_TARGET = 17.0;
				LOCALIZATION_PREFERS_STRING_CATALOGS = YES;
				MTL_ENABLE_DEBUG_INFO = NO;
				MTL_FAST_MATH = YES;
				SDKROOT = iphoneos;
				SWIFT_COMPILATION_MODE = wholemodule;
				VALIDATE_PRODUCT = YES;
			};
			name = Release;
		};
		1F0D67122B35E73E0067BCEB /* Debug */ = {
			isa = XCBuildConfiguration;
			buildSettings = {
				ASSETCATALOG_COMPILER_APPICON_NAME = AppIcon;
				ASSETCATALOG_COMPILER_GLOBAL_ACCENT_COLOR_NAME = AccentColor;
				CODE_SIGN_STYLE = Automatic;
				CURRENT_PROJECT_VERSION = 1;
				DEVELOPMENT_ASSET_PATHS = "\"ToDoList/Preview Content\"";
				ENABLE_PREVIEWS = YES;
				GENERATE_INFOPLIST_FILE = YES;
				INFOPLIST_KEY_UIApplicationSceneManifest_Generation = YES;
				INFOPLIST_KEY_UIApplicationSupportsIndirectInputEvents = YES;
				INFOPLIST_KEY_UILaunchScreen_Generation = YES;
				INFOPLIST_KEY_UISupportedInterfaceOrientations_iPad = "UIInterfaceOrientationPortrait UIInterfaceOrientationPortraitUpsideDown UIInterfaceOrientationLandscapeLeft UIInterfaceOrientationLandscapeRight";
				INFOPLIST_KEY_UISupportedInterfaceOrientations_iPhone = "UIInterfaceOrientationPortrait UIInterfaceOrientationLandscapeLeft UIInterfaceOrientationLandscapeRight";
				LD_RUNPATH_SEARCH_PATHS = (
					"$(inherited)",
					"@executable_path/Frameworks",
				);
				MARKETING_VERSION = 1.0;
				PRODUCT_BUNDLE_IDENTIFIER = hazelhandrata.ToDoList;
				PRODUCT_NAME = "$(TARGET_NAME)";
				SWIFT_EMIT_LOC_STRINGS = YES;
				SWIFT_VERSION = 5.0;
				TARGETED_DEVICE_FAMILY = "1,2";
			};
			name = Debug;
		};
		1F0D67132B35E73E0067BCEB /* Release */ = {
			isa = XCBuildConfiguration;
			buildSettings = {
				ASSETCATALOG_COMPILER_APPICON_NAME = AppIcon;
				ASSETCATALOG_COMPILER_GLOBAL_ACCENT_COLOR_NAME = AccentColor;
				CODE_SIGN_STYLE = Automatic;
				CURRENT_PROJECT_VERSION = 1;
				DEVELOPMENT_ASSET_PATHS = "\"ToDoList/Preview Content\"";
				ENABLE_PREVIEWS = YES;
				GENERATE_INFOPLIST_FILE = YES;
				INFOPLIST_KEY_UIApplicationSceneManifest_Generation = YES;
				INFOPLIST_KEY_UIApplicationSupportsIndirectInputEvents = YES;
				INFOPLIST_KEY_UILaunchScreen_Generation = YES;
				INFOPLIST_KEY_UISupportedInterfaceOrientations_iPad = "UIInterfaceOrientationPortrait UIInterfaceOrientationPortraitUpsideDown UIInterfaceOrientationLandscapeLeft UIInterfaceOrientationLandscapeRight";
				INFOPLIST_KEY_UISupportedInterfaceOrientations_iPhone = "UIInterfaceOrientationPortrait UIInterfaceOrientationLandscapeLeft UIInterfaceOrientationLandscapeRight";
				LD_RUNPATH_SEARCH_PATHS = (
					"$(inherited)",
					"@executable_path/Frameworks",
				);
				MARKETING_VERSION = 1.0;
				PRODUCT_BUNDLE_IDENTIFIER = hazelhandrata.ToDoList;
				PRODUCT_NAME = "$(TARGET_NAME)";
				SWIFT_EMIT_LOC_STRINGS = YES;
				SWIFT_VERSION = 5.0;
				TARGETED_DEVICE_FAMILY = "1,2";
			};
			name = Release;
		};
		1F0D67152B35E73E0067BCEB /* Debug */ = {
			isa = XCBuildConfiguration;
			buildSettings = {
				ALWAYS_EMBED_SWIFT_STANDARD_LIBRARIES = YES;
				BUNDLE_LOADER = "$(TEST_HOST)";
				CODE_SIGN_STYLE = Automatic;
				CURRENT_PROJECT_VERSION = 1;
				GENERATE_INFOPLIST_FILE = YES;
				IPHONEOS_DEPLOYMENT_TARGET = 17.0;
				MARKETING_VERSION = 1.0;
				PRODUCT_BUNDLE_IDENTIFIER = hazelhandrata.ToDoListTests;
				PRODUCT_NAME = "$(TARGET_NAME)";
				SWIFT_EMIT_LOC_STRINGS = NO;
				SWIFT_VERSION = 5.0;
				TARGETED_DEVICE_FAMILY = "1,2";
				TEST_HOST = "$(BUILT_PRODUCTS_DIR)/ToDoList.app/$(BUNDLE_EXECUTABLE_FOLDER_PATH)/ToDoList";
			};
			name = Debug;
		};
		1F0D67162B35E73E0067BCEB /* Release */ = {
			isa = XCBuildConfiguration;
			buildSettings = {
				ALWAYS_EMBED_SWIFT_STANDARD_LIBRARIES = YES;
				BUNDLE_LOADER = "$(TEST_HOST)";
				CODE_SIGN_STYLE = Automatic;
				CURRENT_PROJECT_VERSION = 1;
				GENERATE_INFOPLIST_FILE = YES;
				IPHONEOS_DEPLOYMENT_TARGET = 17.0;
				MARKETING_VERSION = 1.0;
				PRODUCT_BUNDLE_IDENTIFIER = hazelhandrata.ToDoListTests;
				PRODUCT_NAME = "$(TARGET_NAME)";
				SWIFT_EMIT_LOC_STRINGS = NO;
				SWIFT_VERSION = 5.0;
				TARGETED_DEVICE_FAMILY = "1,2";
				TEST_HOST = "$(BUILT_PRODUCTS_DIR)/ToDoList.app/$(BUNDLE_EXECUTABLE_FOLDER_PATH)/ToDoList";
			};
			name = Release;
		};
		1F0D67182B35E73E0067BCEB /* Debug */ = {
			isa = XCBuildConfiguration;
			buildSettings = {
				ALWAYS_EMBED_SWIFT_STANDARD_LIBRARIES = YES;
				CODE_SIGN_STYLE = Automatic;
				CURRENT_PROJECT_VERSION = 1;
				GENERATE_INFOPLIST_FILE = YES;
				MARKETING_VERSION = 1.0;
				PRODUCT_BUNDLE_IDENTIFIER = hazelhandrata.ToDoListUITests;
				PRODUCT_NAME = "$(TARGET_NAME)";
				SWIFT_EMIT_LOC_STRINGS = NO;
				SWIFT_VERSION = 5.0;
				TARGETED_DEVICE_FAMILY = "1,2";
				TEST_TARGET_NAME = ToDoList;
			};
			name = Debug;
		};
		1F0D67192B35E73E0067BCEB /* Release */ = {
			isa = XCBuildConfiguration;
			buildSettings = {
				ALWAYS_EMBED_SWIFT_STANDARD_LIBRARIES = YES;
				CODE_SIGN_STYLE = Automatic;
				CURRENT_PROJECT_VERSION = 1;
				GENERATE_INFOPLIST_FILE = YES;
				MARKETING_VERSION = 1.0;
				PRODUCT_BUNDLE_IDENTIFIER = hazelhandrata.ToDoListUITests;
				PRODUCT_NAME = "$(TARGET_NAME)";
				SWIFT_EMIT_LOC_STRINGS = NO;
				SWIFT_VERSION = 5.0;
				TARGETED_DEVICE_FAMILY = "1,2";
				TEST_TARGET_NAME = ToDoList;
			};
			name = Release;
		};
/* End XCBuildConfiguration section */

/* Begin XCConfigurationList section */
		1F0D66E82B35E73C0067BCEB /* Build configuration list for PBXProject "ToDoList" */ = {
			isa = XCConfigurationList;
			buildConfigurations = (
				1F0D670F2B35E73E0067BCEB /* Debug */,
				1F0D67102B35E73E0067BCEB /* Release */,
			);
			defaultConfigurationIsVisible = 0;
			defaultConfigurationName = Release;
		};
		1F0D67112B35E73E0067BCEB /* Build configuration list for PBXNativeTarget "ToDoList" */ = {
			isa = XCConfigurationList;
			buildConfigurations = (
				1F0D67122B35E73E0067BCEB /* Debug */,
				1F0D67132B35E73E0067BCEB /* Release */,
			);
			defaultConfigurationIsVisible = 0;
			defaultConfigurationName = Release;
		};
		1F0D67142B35E73E0067BCEB /* Build configuration list for PBXNativeTarget "ToDoListTests" */ = {
			isa = XCConfigurationList;
			buildConfigurations = (
				1F0D67152B35E73E0067BCEB /* Debug */,
				1F0D67162B35E73E0067BCEB /* Release */,
			);
			defaultConfigurationIsVisible = 0;
			defaultConfigurationName = Release;
		};
		1F0D67172B35E73E0067BCEB /* Build configuration list for PBXNativeTarget "ToDoListUITests" */ = {
			isa = XCConfigurationList;
			buildConfigurations = (
				1F0D67182B35E73E0067BCEB /* Debug */,
				1F0D67192B35E73E0067BCEB /* Release */,
			);
			defaultConfigurationIsVisible = 0;
			defaultConfigurationName = Release;
		};
/* End XCConfigurationList section */

/* Begin XCRemoteSwiftPackageReference section */
		1F0D671A2B35E9FF0067BCEB /* XCRemoteSwiftPackageReference "firebase-ios-sdk" */ = {
			isa = XCRemoteSwiftPackageReference;
			repositoryURL = "https://github.com/firebase/firebase-ios-sdk";
			requirement = {
				kind = upToNextMajorVersion;
				minimumVersion = 10.19.1;
			};
		};
/* End XCRemoteSwiftPackageReference section */

/* Begin XCSwiftPackageProductDependency section */
		1F0D671D2B35EA8C0067BCEB /* FirebaseAnalytics */ = {
			isa = XCSwiftPackageProductDependency;
			package = 1F0D671A2B35E9FF0067BCEB /* XCRemoteSwiftPackageReference "firebase-ios-sdk" */;
			productName = FirebaseAnalytics;
		};
		1F0D671F2B35EA8C0067BCEB /* FirebaseAnalyticsOnDeviceConversion */ = {
			isa = XCSwiftPackageProductDependency;
			package = 1F0D671A2B35E9FF0067BCEB /* XCRemoteSwiftPackageReference "firebase-ios-sdk" */;
			productName = FirebaseAnalyticsOnDeviceConversion;
		};
		1F0D67212B35EA8C0067BCEB /* FirebaseAnalyticsSwift */ = {
			isa = XCSwiftPackageProductDependency;
			package = 1F0D671A2B35E9FF0067BCEB /* XCRemoteSwiftPackageReference "firebase-ios-sdk" */;
			productName = FirebaseAnalyticsSwift;
		};
/* End XCSwiftPackageProductDependency section */
	};
	rootObject = 1F0D66E52B35E73C0067BCEB /* Project object */;
}
